
Microsoft Visual Studio Solution File, Format Version 12.00
# Visual Studio 15
VisualStudioVersion = 15.0.33026.149
MinimumVisualStudioVersion = 10.0.40219.1
Project("{8BC9CEB8-8B4A-11D0-8D11-00A0C91BC942}") = "game_n_watch", "game_n_watch.vcxproj", "{B08D2B0F-09AD-41EB-BFD7-0C34B468C4FA}"
EndProject
Global
	GlobalSection(SolutionConfigurationPlatforms) = preSolution
		Debug|x64 = Debug|x64
		Debug|x86 = Debug|x86
		Release|x64 = Release|x64
		Release|x86 = Release|x86
	EndGlobalSection
	GlobalSection(ProjectConfigurationPlatforms) = postSolution
		{B08D2B0F-09AD-41EB-BFD7-0C34B468C4FA}.Debug|x64.ActiveCfg = Debug|x64
		{B08D2B0F-09AD-41EB-BFD7-0C34B468C4FA}.Debug|x64.Build.0 = Debug|x64
		{B08D2B0F-09AD-41EB-BFD7-0C34B468C4FA}.Debug|x86.ActiveCfg = Debug|Win32
		{B08D2B0F-09AD-41EB-BFD7-0C34B468C4FA}.Debug|x86.Build.0 = Debug|Win32
		{B08D2B0F-09AD-41EB-BFD7-0C34B468C4FA}.Release|x64.ActiveCfg = Release|x64
		{B08D2B0F-09AD-41EB-BFD7-0C34B468C4FA}.Release|x64.Build.0 = Release|x64
		{B08D2B0F-09AD-41EB-BFD7-0C34B468C4FA}.Release|x86.ActiveCfg = Release|Win32
		{B08D2B0F-09AD-41EB-BFD7-0C34B468C4FA}.Release|x86.Build.0 = Release|Win32
	EndGlobalSection
	GlobalSection(SolutionProperties) = preSolution
		HideSolutionNode = FALSE
	EndGlobalSection
	GlobalSection(ExtensibilityGlobals) = postSolution
		SolutionGuid = {5251A3EE-7A53-4E83-8EA6-C14AEAFB4A03}
	EndGlobalSection
EndGlobal
